
Microsoft Visual Studio Solution File, Format Version 12.00
# Visual Studio Version 17
VisualStudioVersion = 17.10.34928.147
MinimumVisualStudioVersion = 10.0.40219.1
Project("{9A19103F-16F7-4668-BE54-9A1E7A4F7556}") = "Task1", "Task1\Task1.csproj", "{9B0F0970-F183-40D5-AAAB-8B209DA06B9B}"
EndProject
Project("{9A19103F-16F7-4668-BE54-9A1E7A4F7556}") = "Task2", "Task2\Task2.csproj", "{B8D4B84E-D535-4AA2-8832-E107E9CCC75E}"
EndProject
Project("{9A19103F-16F7-4668-BE54-9A1E7A4F7556}") = "Task3", "Task3\Task3.csproj", "{8430A7C4-15D7-426B-A8B2-47FDC7D113C3}"
EndProject
Project("{9A19103F-16F7-4668-BE54-9A1E7A4F7556}") = "WpfControlLibrary", "WpfControlLibrary\WpfControlLibrary.csproj", "{DD25097B-20D0-4443-BDAE-A406C0F85439}"
EndProject
Project("{FAE04EC0-301F-11D3-BF4B-00C04F79EFBC}") = "Task5", "Task5\Task5.csproj", "{864DB751-AB48-4058-8B7A-97B9D6A52C65}"
EndProject
Global
	GlobalSection(SolutionConfigurationPlatforms) = preSolution
		Debug|Any CPU = Debug|Any CPU
		Release|Any CPU = Release|Any CPU
	EndGlobalSection
	GlobalSection(ProjectConfigurationPlatforms) = postSolution
		{9B0F0970-F183-40D5-AAAB-8B209DA06B9B}.Debug|Any CPU.ActiveCfg = Debug|Any CPU
		{9B0F0970-F183-40D5-AAAB-8B209DA06B9B}.Debug|Any CPU.Build.0 = Debug|Any CPU
		{9B0F0970-F183-40D5-AAAB-8B209DA06B9B}.Release|Any CPU.ActiveCfg = Release|Any CPU
		{9B0F0970-F183-40D5-AAAB-8B209DA06B9B}.Release|Any CPU.Build.0 = Release|Any CPU
		{B8D4B84E-D535-4AA2-8832-E107E9CCC75E}.Debug|Any CPU.ActiveCfg = Debug|Any CPU
		{B8D4B84E-D535-4AA2-8832-E107E9CCC75E}.Debug|Any CPU.Build.0 = Debug|Any CPU
		{B8D4B84E-D535-4AA2-8832-E107E9CCC75E}.Release|Any CPU.ActiveCfg = Release|Any CPU
		{B8D4B84E-D535-4AA2-8832-E107E9CCC75E}.Release|Any CPU.Build.0 = Release|Any CPU
		{8430A7C4-15D7-426B-A8B2-47FDC7D113C3}.Debug|Any CPU.ActiveCfg = Debug|Any CPU
		{8430A7C4-15D7-426B-A8B2-47FDC7D113C3}.Debug|Any CPU.Build.0 = Debug|Any CPU
		{8430A7C4-15D7-426B-A8B2-47FDC7D113C3}.Release|Any CPU.ActiveCfg = Release|Any CPU
		{8430A7C4-15D7-426B-A8B2-47FDC7D113C3}.Release|Any CPU.Build.0 = Release|Any CPU
		{DD25097B-20D0-4443-BDAE-A406C0F85439}.Debug|Any CPU.ActiveCfg = Debug|Any CPU
		{DD25097B-20D0-4443-BDAE-A406C0F85439}.Debug|Any CPU.Build.0 = Debug|Any CPU
		{DD25097B-20D0-4443-BDAE-A406C0F85439}.Release|Any CPU.ActiveCfg = Release|Any CPU
		{DD25097B-20D0-4443-BDAE-A406C0F85439}.Release|Any CPU.Build.0 = Release|Any CPU
		{864DB751-AB48-4058-8B7A-97B9D6A52C65}.Debug|Any CPU.ActiveCfg = Debug|Any CPU
		{864DB751-AB48-4058-8B7A-97B9D6A52C65}.Debug|Any CPU.Build.0 = Debug|Any CPU
		{864DB751-AB48-4058-8B7A-97B9D6A52C65}.Release|Any CPU.ActiveCfg = Release|Any CPU
		{864DB751-AB48-4058-8B7A-97B9D6A52C65}.Release|Any CPU.Build.0 = Release|Any CPU
	EndGlobalSection
	GlobalSection(SolutionProperties) = preSolution
		HideSolutionNode = FALSE
	EndGlobalSection
	GlobalSection(ExtensibilityGlobals) = postSolution
		SolutionGuid = {9309B1D9-971C-4CE4-A1EF-924B29E3AFC3}
	EndGlobalSection
EndGlobal
